
Microsoft Visual Studio Solution File, Format Version 12.00
# Visual Studio Version 17
VisualStudioVersion = 17.9.34723.18
MinimumVisualStudioVersion = 10.0.40219.1
Project("{9A19103F-16F7-4668-BE54-9A1E7A4F7556}") = "CMDRPG", "CMDRPG\CMDRPG.csproj", "{468D0F8A-A15F-4783-85F0-E72CF1D5E0DA}"
EndProject
Global
	GlobalSection(SolutionConfigurationPlatforms) = preSolution
		Debug|Any CPU = Debug|Any CPU
		Release|Any CPU = Release|Any CPU
	EndGlobalSection
	GlobalSection(ProjectConfigurationPlatforms) = postSolution
		{468D0F8A-A15F-4783-85F0-E72CF1D5E0DA}.Debug|Any CPU.ActiveCfg = Debug|Any CPU
		{468D0F8A-A15F-4783-85F0-E72CF1D5E0DA}.Debug|Any CPU.Build.0 = Debug|Any CPU
		{468D0F8A-A15F-4783-85F0-E72CF1D5E0DA}.Release|Any CPU.ActiveCfg = Release|Any CPU
		{468D0F8A-A15F-4783-85F0-E72CF1D5E0DA}.Release|Any CPU.Build.0 = Release|Any CPU
	EndGlobalSection
	GlobalSection(SolutionProperties) = preSolution
		HideSolutionNode = FALSE
	EndGlobalSection
	GlobalSection(ExtensibilityGlobals) = postSolution
		SolutionGuid = {FA890F9F-3673-4D76-A454-4E434FC6D796}
	EndGlobalSection
EndGlobal
